{
  "nodes": {
    "freesmlauncher": {
      "inputs": {
        "libnbtplusplus": "libnbtplusplus",
        "nix-filter": "nix-filter",
        "nixpkgs": [
          "nixpkgs"
        ]
      },
      "locked": {
        "lastModified": 1786356406,
        "narHash": "sha256-JMT52vDwrvpebB+DL/ZTEa62fPmKcKSR7b15RJVu3Yo=",
        "owner": "FreesmTeam",
        "repo": "FreesmLauncher",
        "rev": "4d8858540acd04fcf3fca20f6286d090279cba51",
        "type": "github"
      },
      "original": {
        "owner": "FreesmTeam",
        "repo": "FreesmLauncher",
        "type": "github"
      }
    },
    "home-manager": {
      "inputs": {
        "nixpkgs": [
          "nixpkgs"
        ]
      },
      "locked": {
        "lastModified": 1786630952,
        "narHash": "sha256-a952+jEQ1I6sMd6yzi2GIsO/EFNtEFvzwbJ+oOG9Cg0=",
        "owner": "nix-community",
        "repo": "home-manager",
        "rev": "2d1bac51b2513914ace47797765c3265164de78e",
        "type": "github"
      },
      "original": {
        "owner": "nix-community",
        "repo": "home-manager",
        "type": "github"
      }
    },
    "libnbtplusplus": {
      "flake": false,
      "locked": {
        "lastModified": 1772016279,
        "narHash": "sha256-7itkptyjoRcXfGLwg1/jxajetZ3a4mDc66+w4X6yW8s=",
        "owner": "FreesmTeam",
        "repo": "libnbtplusplus",
        "rev": "687e43031df0dc641984b4256bcca50d5b3f7de3",
        "type": "github"
      },
      "original": {
        "owner": "FreesmTeam",
        "repo": "libnbtplusplus",
        "type": "github"
      }
    },
    "nix-filter": {
      "locked": {
        "lastModified": 1757882181,
        "narHash": "sha256-+cCxYIh2UNalTz364p+QYmWHs0P+6wDhiWR4jDIKQIU=",
        "owner": "numtide",
        "repo": "nix-filter",
        "rev": "59c44d1909c72441144b93cf0f054be7fe764de5",
        "type": "github"
      },
      "original": {
        "owner": "numtide",
        "repo": "nix-filter",
        "type": "github"
      }
    },
    "nixpkgs": {
      "locked": {
        "lastModified": 1786599213,
        "narHash": "sha256-yNJd40f11EzXBjSByCB7IPpeFFAdeoSKKM67dGkfFoU=",
        "owner": "nixos",
        "repo": "nixpkgs",
        "rev": "0e251e24a4f24e036a084b6b4b2d2491af4167f4",
        "type": "github"
      },
      "original": {
        "owner": "nixos",
        "ref": "nixos-unstable",
        "repo": "nixpkgs",
        "type": "github"
      }
    },
    "noctalia": {
      "inputs": {
        "nixpkgs": [
          "nixpkgs"
        ]
      },
      "locked": {
        "lastModified": 1786637729,
        "narHash": "sha256-aaVIpnYaLEtf09pXKEiem1/ItFWpU1F6549YivqTYqg=",
        "owner": "noctalia-dev",
        "repo": "noctalia",
        "rev": "9b88e86b115cf675d5d2ac0a70f11b4ac96c1604",
        "type": "github"
      },
      "original": {
        "owner": "noctalia-dev",
        "repo": "noctalia",
        "type": "github"
      }
    },
    "noctalia-greeter": {
      "inputs": {
        "nixpkgs": [
          "nixpkgs"
        ]
      },
      "locked": {
        "lastModified": 1786629848,
        "narHash": "sha256-BirQDmeTuXWIR2/L3Y1Qw9bqmFJaHit4eMW78oNw1P0=",
        "owner": "noctalia-dev",
        "repo": "noctalia-greeter",
        "rev": "1a1e00afa33fc157c8eb5aba26ecaf79d212e005",
        "type": "github"
      },
      "original": {
        "owner": "noctalia-dev",
        "repo": "noctalia-greeter",
        "type": "github"
      }
    },
    "root": {
      "inputs": {
        "freesmlauncher": "freesmlauncher",
        "home-manager": "home-manager",
        "nixpkgs": "nixpkgs",
        "noctalia": "noctalia",
        "noctalia-greeter": "noctalia-greeter"
      }
    }
  },
  "root": "root",
  "version": 7
}
